{
  "requires": true,
  "lockfileVersion": 1,
  "dependencies": {
    "@thoughtbot/design-system": {
      "version": "0.3.0",
      "resolved": "https://registry.npmjs.org/@thoughtbot/design-system/-/design-system-0.3.0.tgz",
      "integrity": "sha512-CR+9oJyErSdrGWWAe3PHU5AwxTkCLwMhyG8e33Z/VaurttGex2+rVTi+sN3IorX0L9r0Qgz1MsbAaiAY4E3T6A=="
    },
    "bourbon": {
      "version": "5.1.0",
      "resolved": "https://registry.npmjs.org/bourbon/-/bourbon-5.1.0.tgz",
      "integrity": "sha512-rO4rwNAVNuzPmnL+DruxAe7DR2YFFo4nHsgDVRd9URMgDxtHmVBUnvFLXPan6teVe7jkybCyxcnR+CKClotj3g=="
    },
    "normalize.css": {
      "version": "8.0.1",
      "resolved": "https://registry.npmjs.org/normalize.css/-/normalize.css-8.0.1.tgz",
      "integrity": "sha512-qizSNPO93t1YUuUhP22btGOo3chcvDFqFaj2TRybP0DMxkHOCTYwp3n34fel4a31ORXy4m1Xq0Gyqpb5m33qIg=="
    }
  }
}
